<Solution>
  <Project Path="PowerPeriodInterface/PowerPeriodInterface.csproj" />
  <Project Path="PowerPeriodService/PowerPeriodService.csproj" />
  <Project Path="TradePositionAggregator/TradePositionData.csproj" />
  <Project Path="TradePositionData.Tests/TradePositionData.Tests.csproj" Id="5cdb6e08-5822-4229-ab74-4f8ff00d7417" />
  <Project Path="TradePositionPersistence/TradePositionPersistence.csproj" />
</Solution>
